
Microsoft Visual Studio Solution File, Format Version 12.00
# Visual Studio Version 16
VisualStudioVersion = 16.0.30204.135
MinimumVisualStudioVersion = 10.0.40219.1
Project("{FAE04EC0-301F-11D3-BF4B-00C04F79EFBC}") = "AppGitNotas.Android", "AppGitNotas\AppGitNotas.Android\AppGitNotas.Android.csproj", "{2003CDDD-50DF-462F-BBBD-D7F9700C9EAE}"
EndProject
Project("{FAE04EC0-301F-11D3-BF4B-00C04F79EFBC}") = "AppGitNotas.iOS", "AppGitNotas\AppGitNotas.iOS\AppGitNotas.iOS.csproj", "{82AABCD2-3964-4FEF-8288-FECBC4F9DEC3}"
EndProject
Project("{FAE04EC0-301F-11D3-BF4B-00C04F79EFBC}") = "AppGitNotas", "AppGitNotas\AppGitNotas\AppGitNotas.csproj", "{A4FF6676-6935-48B0-8D9A-2FEB06A93128}"
EndProject
Global
	GlobalSection(SolutionConfigurationPlatforms) = preSolution
		Debug|Any CPU = Debug|Any CPU
		Debug|iPhone = Debug|iPhone
		Debug|iPhoneSimulator = Debug|iPhoneSimulator
		Release|Any CPU = Release|Any CPU
		Release|iPhone = Release|iPhone
		Release|iPhoneSimulator = Release|iPhoneSimulator
	EndGlobalSection
	GlobalSection(ProjectConfigurationPlatforms) = postSolution
		{2003CDDD-50DF-462F-BBBD-D7F9700C9EAE}.Debug|Any CPU.ActiveCfg = Debug|Any CPU
		{2003CDDD-50DF-462F-BBBD-D7F9700C9EAE}.Debug|Any CPU.Build.0 = Debug|Any CPU
		{2003CDDD-50DF-462F-BBBD-D7F9700C9EAE}.Debug|Any CPU.Deploy.0 = Debug|Any CPU
		{2003CDDD-50DF-462F-BBBD-D7F9700C9EAE}.Debug|iPhone.ActiveCfg = Debug|Any CPU
		{2003CDDD-50DF-462F-BBBD-D7F9700C9EAE}.Debug|iPhone.Build.0 = Debug|Any CPU
		{2003CDDD-50DF-462F-BBBD-D7F9700C9EAE}.Debug|iPhone.Deploy.0 = Debug|Any CPU
		{2003CDDD-50DF-462F-BBBD-D7F9700C9EAE}.Debug|iPhoneSimulator.ActiveCfg = Debug|Any CPU
		{2003CDDD-50DF-462F-BBBD-D7F9700C9EAE}.Debug|iPhoneSimulator.Build.0 = Debug|Any CPU
		{2003CDDD-50DF-462F-BBBD-D7F9700C9EAE}.Debug|iPhoneSimulator.Deploy.0 = Debug|Any CPU
		{2003CDDD-50DF-462F-BBBD-D7F9700C9EAE}.Release|Any CPU.ActiveCfg = Release|Any CPU
		{2003CDDD-50DF-462F-BBBD-D7F9700C9EAE}.Release|Any CPU.Build.0 = Release|Any CPU
		{2003CDDD-50DF-462F-BBBD-D7F9700C9EAE}.Release|Any CPU.Deploy.0 = Release|Any CPU
		{2003CDDD-50DF-462F-BBBD-D7F9700C9EAE}.Release|iPhone.ActiveCfg = Release|Any CPU
		{2003CDDD-50DF-462F-BBBD-D7F9700C9EAE}.Release|iPhone.Build.0 = Release|Any CPU
		{2003CDDD-50DF-462F-BBBD-D7F9700C9EAE}.Release|iPhone.Deploy.0 = Release|Any CPU
		{2003CDDD-50DF-462F-BBBD-D7F9700C9EAE}.Release|iPhoneSimulator.ActiveCfg = Release|Any CPU
		{2003CDDD-50DF-462F-BBBD-D7F9700C9EAE}.Release|iPhoneSimulator.Build.0 = Release|Any CPU
		{2003CDDD-50DF-462F-BBBD-D7F9700C9EAE}.Release|iPhoneSimulator.Deploy.0 = Release|Any CPU
		{82AABCD2-3964-4FEF-8288-FECBC4F9DEC3}.Debug|Any CPU.ActiveCfg = Debug|iPhone
		{82AABCD2-3964-4FEF-8288-FECBC4F9DEC3}.Debug|Any CPU.Build.0 = Debug|iPhone
		{82AABCD2-3964-4FEF-8288-FECBC4F9DEC3}.Debug|Any CPU.Deploy.0 = Debug|iPhone
		{82AABCD2-3964-4FEF-8288-FECBC4F9DEC3}.Debug|iPhone.ActiveCfg = Debug|iPhone
		{82AABCD2-3964-4FEF-8288-FECBC4F9DEC3}.Debug|iPhone.Build.0 = Debug|iPhone
		{82AABCD2-3964-4FEF-8288-FECBC4F9DEC3}.Debug|iPhone.Deploy.0 = Debug|iPhone
		{82AABCD2-3964-4FEF-8288-FECBC4F9DEC3}.Debug|iPhoneSimulator.ActiveCfg = Debug|iPhoneSimulator
		{82AABCD2-3964-4FEF-8288-FECBC4F9DEC3}.Debug|iPhoneSimulator.Build.0 = Debug|iPhoneSimulator
		{82AABCD2-3964-4FEF-8288-FECBC4F9DEC3}.Debug|iPhoneSimulator.Deploy.0 = Debug|iPhoneSimulator
		{82AABCD2-3964-4FEF-8288-FECBC4F9DEC3}.Release|Any CPU.ActiveCfg = Release|iPhone
		{82AABCD2-3964-4FEF-8288-FECBC4F9DEC3}.Release|Any CPU.Build.0 = Release|iPhone
		{82AABCD2-3964-4FEF-8288-FECBC4F9DEC3}.Release|Any CPU.Deploy.0 = Release|iPhone
		{82AABCD2-3964-4FEF-8288-FECBC4F9DEC3}.Release|iPhone.ActiveCfg = Release|iPhone
		{82AABCD2-3964-4FEF-8288-FECBC4F9DEC3}.Release|iPhone.Build.0 = Release|iPhone
		{82AABCD2-3964-4FEF-8288-FECBC4F9DEC3}.Release|iPhone.Deploy.0 = Release|iPhone
		{82AABCD2-3964-4FEF-8288-FECBC4F9DEC3}.Release|iPhoneSimulator.ActiveCfg = Release|iPhoneSimulator
		{82AABCD2-3964-4FEF-8288-FECBC4F9DEC3}.Release|iPhoneSimulator.Build.0 = Release|iPhoneSimulator
		{82AABCD2-3964-4FEF-8288-FECBC4F9DEC3}.Release|iPhoneSimulator.Deploy.0 = Release|iPhoneSimulator
		{A4FF6676-6935-48B0-8D9A-2FEB06A93128}.Debug|Any CPU.ActiveCfg = Debug|Any CPU
		{A4FF6676-6935-48B0-8D9A-2FEB06A93128}.Debug|Any CPU.Build.0 = Debug|Any CPU
		{A4FF6676-6935-48B0-8D9A-2FEB06A93128}.Debug|Any CPU.Deploy.0 = Debug|Any CPU
		{A4FF6676-6935-48B0-8D9A-2FEB06A93128}.Debug|iPhone.ActiveCfg = Debug|Any CPU
		{A4FF6676-6935-48B0-8D9A-2FEB06A93128}.Debug|iPhone.Build.0 = Debug|Any CPU
		{A4FF6676-6935-48B0-8D9A-2FEB06A93128}.Debug|iPhone.Deploy.0 = Debug|Any CPU
		{A4FF6676-6935-48B0-8D9A-2FEB06A93128}.Debug|iPhoneSimulator.ActiveCfg = Debug|Any CPU
		{A4FF6676-6935-48B0-8D9A-2FEB06A93128}.Debug|iPhoneSimulator.Build.0 = Debug|Any CPU
		{A4FF6676-6935-48B0-8D9A-2FEB06A93128}.Debug|iPhoneSimulator.Deploy.0 = Debug|Any CPU
		{A4FF6676-6935-48B0-8D9A-2FEB06A93128}.Release|Any CPU.ActiveCfg = Release|Any CPU
		{A4FF6676-6935-48B0-8D9A-2FEB06A93128}.Release|Any CPU.Build.0 = Release|Any CPU
		{A4FF6676-6935-48B0-8D9A-2FEB06A93128}.Release|Any CPU.Deploy.0 = Release|Any CPU
		{A4FF6676-6935-48B0-8D9A-2FEB06A93128}.Release|iPhone.ActiveCfg = Release|Any CPU
		{A4FF6676-6935-48B0-8D9A-2FEB06A93128}.Release|iPhone.Build.0 = Release|Any CPU
		{A4FF6676-6935-48B0-8D9A-2FEB06A93128}.Release|iPhone.Deploy.0 = Release|Any CPU
		{A4FF6676-6935-48B0-8D9A-2FEB06A93128}.Release|iPhoneSimulator.ActiveCfg = Release|Any CPU
		{A4FF6676-6935-48B0-8D9A-2FEB06A93128}.Release|iPhoneSimulator.Build.0 = Release|Any CPU
		{A4FF6676-6935-48B0-8D9A-2FEB06A93128}.Release|iPhoneSimulator.Deploy.0 = Release|Any CPU
	EndGlobalSection
	GlobalSection(SolutionProperties) = preSolution
		HideSolutionNode = FALSE
	EndGlobalSection
	GlobalSection(ExtensibilityGlobals) = postSolution
		SolutionGuid = {AD451F65-258B-440C-A71B-800A2B1EA25A}
	EndGlobalSection
EndGlobal
